// !$*UTF8*$!
{
	archiveVersion = 1;
	classes = {
	};
	objectVersion = 50;
	objects = {

/* Begin PBXBuildFile section */
		1C00C3772655660E002FDC0D /* ViewExtensions.swift in Sources */ = {isa = PBXBuildFile; fileRef = 1C00C3762655660E002FDC0D /* ViewExtensions.swift */; };
		1C21B4062651D11000639351 /* RemoteImage.swift in Sources */ = {isa = PBXBuildFile; fileRef = 1C21B4052651D11000639351 /* RemoteImage.swift */; };
		1C21B4092651D57F00639351 /* Conversation.swift in Sources */ = {isa = PBXBuildFile; fileRef = 1C21B4082651D57F00639351 /* Conversation.swift */; };
		1C21B40D2651EEC700639351 /* ConversationDataService.swift in Sources */ = {isa = PBXBuildFile; fileRef = 1C21B40C2651EEC700639351 /* ConversationDataService.swift */; };
		1C21B40F2651EEDE00639351 /* ConversationMessageDataService.swift in Sources */ = {isa = PBXBuildFile; fileRef = 1C21B40E2651EEDE00639351 /* ConversationMessageDataService.swift */; };
		1C21B4112651F1B400639351 /* NewConversationEvent.swift in Sources */ = {isa = PBXBuildFile; fileRef = 1C21B4102651F1B400639351 /* NewConversationEvent.swift */; };
		1C3A5C94264DAE2100863F02 /* MainViewState.swift in Sources */ = {isa = PBXBuildFile; fileRef = 1C3A5C93264DAE2100863F02 /* MainViewState.swift */; };
		1C3A5C99264DB1D100863F02 /* ConversationListView.swift in Sources */ = {isa = PBXBuildFile; fileRef = 1C3A5C98264DB1D100863F02 /* ConversationListView.swift */; };
		1C3A5C9D264DB1EC00863F02 /* MainView.swift in Sources */ = {isa = PBXBuildFile; fileRef = 1C3A5C9C264DB1EC00863F02 /* MainView.swift */; };
		1C3A5C9F264DB3AB00863F02 /* ConversationListViewModel.swift in Sources */ = {isa = PBXBuildFile; fileRef = 1C3A5C9E264DB3AB00863F02 /* ConversationListViewModel.swift */; };
		1C3A5CA3264DC7E800863F02 /* ConversationView.swift in Sources */ = {isa = PBXBuildFile; fileRef = 1C3A5CA2264DC7E800863F02 /* ConversationView.swift */; };
		1C3A5CA6264DCA9A00863F02 /* ConversationDetailView.swift in Sources */ = {isa = PBXBuildFile; fileRef = 1C3A5CA5264DCA9A00863F02 /* ConversationDetailView.swift */; };
		1C3A5CA8264DCAA900863F02 /* ConversationDetailViewModel.swift in Sources */ = {isa = PBXBuildFile; fileRef = 1C3A5CA7264DCAA900863F02 /* ConversationDetailViewModel.swift */; };
		1C3A5CAD264DCFA600863F02 /* NewConversationMessage.swift in Sources */ = {isa = PBXBuildFile; fileRef = 1C3A5CAC264DCFA600863F02 /* NewConversationMessage.swift */; };
		1C3A5CAF264DCFB800863F02 /* ConversationMessageEvent.swift in Sources */ = {isa = PBXBuildFile; fileRef = 1C3A5CAE264DCFB800863F02 /* ConversationMessageEvent.swift */; };
		1C3A5CB2264DD3B100863F02 /* WebSocketService.swift in Sources */ = {isa = PBXBuildFile; fileRef = 1C3A5CB1264DD3B100863F02 /* WebSocketService.swift */; };
		1C3A5CB4264DD66100863F02 /* SocketEvent.swift in Sources */ = {isa = PBXBuildFile; fileRef = 1C3A5CB3264DD66100863F02 /* SocketEvent.swift */; };
		1C3A5CB6264DDC9700863F02 /* BasicSocketMessage.swift in Sources */ = {isa = PBXBuildFile; fileRef = 1C3A5CB5264DDC9700863F02 /* BasicSocketMessage.swift */; };
		1C3A5CB8264EE5B600863F02 /* ConversationViewState.swift in Sources */ = {isa = PBXBuildFile; fileRef = 1C3A5CB7264EE5B600863F02 /* ConversationViewState.swift */; };
		1C4D1979264D8D5700C91A26 /* SpotifyChatiOSApp.swift in Sources */ = {isa = PBXBuildFile; fileRef = 1C4D1978264D8D5700C91A26 /* SpotifyChatiOSApp.swift */; };
		1C4D197D264D8D5A00C91A26 /* Assets.xcassets in Resources */ = {isa = PBXBuildFile; fileRef = 1C4D197C264D8D5A00C91A26 /* Assets.xcassets */; };
		1C4D1980264D8D5A00C91A26 /* Preview Assets.xcassets in Resources */ = {isa = PBXBuildFile; fileRef = 1C4D197F264D8D5A00C91A26 /* Preview Assets.xcassets */; };
		1C4D198B264D8D5A00C91A26 /* SpotifyChatiOSTests.swift in Sources */ = {isa = PBXBuildFile; fileRef = 1C4D198A264D8D5A00C91A26 /* SpotifyChatiOSTests.swift */; };
		1C4D1996264D8D5A00C91A26 /* SpotifyChatiOSUITests.swift in Sources */ = {isa = PBXBuildFile; fileRef = 1C4D1995264D8D5A00C91A26 /* SpotifyChatiOSUITests.swift */; };
		1C4D19A6264D91E400C91A26 /* LoginView.swift in Sources */ = {isa = PBXBuildFile; fileRef = 1C4D19A5264D91E400C91A26 /* LoginView.swift */; };
		1C4D19A9264D962300C91A26 /* Colors.xcassets in Resources */ = {isa = PBXBuildFile; fileRef = 1C4D19A8264D962300C91A26 /* Colors.xcassets */; };
		1C4D19AD264DA40600C91A26 /* LoginViewModel.swift in Sources */ = {isa = PBXBuildFile; fileRef = 1C4D19AC264DA40600C91A26 /* LoginViewModel.swift */; };
		1C5EC883264F1EA20092A157 /* LogoutButton.swift in Sources */ = {isa = PBXBuildFile; fileRef = 1C5EC882264F1EA20092A157 /* LogoutButton.swift */; };
		1C5EC887264F2CC30092A157 /* ConversationMessageRow.swift in Sources */ = {isa = PBXBuildFile; fileRef = 1C5EC886264F2CC30092A157 /* ConversationMessageRow.swift */; };
		1C6FAF97264FF127007D876C /* StringExtensions.swift in Sources */ = {isa = PBXBuildFile; fileRef = 1C6FAF96264FF127007D876C /* StringExtensions.swift */; };
		1C6FAF99265045ED007D876C /* UIApplicationExtensions.swift in Sources */ = {isa = PBXBuildFile; fileRef = 1C6FAF98265045ED007D876C /* UIApplicationExtensions.swift */; };
		1CA6649B2655513000418048 /* LoadingView.swift in Sources */ = {isa = PBXBuildFile; fileRef = 1CA6649A2655513000418048 /* LoadingView.swift */; };
		1CA6649D26555ECA00418048 /* ActivityIndicator.swift in Sources */ = {isa = PBXBuildFile; fileRef = 1CA6649C26555ECA00418048 /* ActivityIndicator.swift */; };
		1CC63BA7265341AF00445473 /* NewMessageEvent.swift in Sources */ = {isa = PBXBuildFile; fileRef = 1CC63BA6265341AF00445473 /* NewMessageEvent.swift */; };
		1CC63BAA2653497A00445473 /* MatchRequestEvent.swift in Sources */ = {isa = PBXBuildFile; fileRef = 1CC63BA92653497A00445473 /* MatchRequestEvent.swift */; };
		1CC63BAD26534AA000445473 /* SendMessageEvent.swift in Sources */ = {isa = PBXBuildFile; fileRef = 1CC63BAC26534AA000445473 /* SendMessageEvent.swift */; };
		1CC63BAF26534B5100445473 /* DismissConversationEvent.swift in Sources */ = {isa = PBXBuildFile; fileRef = 1CC63BAE26534B5100445473 /* DismissConversationEvent.swift */; };
		1CC63BB126534B8D00445473 /* LogoutEvent.swift in Sources */ = {isa = PBXBuildFile; fileRef = 1CC63BB026534B8D00445473 /* LogoutEvent.swift */; };
		1CC63BB326534C5B00445473 /* GetConversationsEvent.swift in Sources */ = {isa = PBXBuildFile; fileRef = 1CC63BB226534C5B00445473 /* GetConversationsEvent.swift */; };
		1CC63BB526534C9000445473 /* GetMessagesEvent.swift in Sources */ = {isa = PBXBuildFile; fileRef = 1CC63BB426534C9000445473 /* GetMessagesEvent.swift */; };
		1CC63BB72653517B00445473 /* ClientEvent.swift in Sources */ = {isa = PBXBuildFile; fileRef = 1CC63BB62653517B00445473 /* ClientEvent.swift */; };
		1CD1348326504D8A0067CF34 /* ConversationListRow.swift in Sources */ = {isa = PBXBuildFile; fileRef = 1CD1348226504D8A0067CF34 /* ConversationListRow.swift */; };
		1CD13485265055890067CF34 /* ConversationsEvent.swift in Sources */ = {isa = PBXBuildFile; fileRef = 1CD13484265055890067CF34 /* ConversationsEvent.swift */; };
/* End PBXBuildFile section */

/* Begin PBXContainerItemProxy section */
		1C4D1987264D8D5A00C91A26 /* PBXContainerItemProxy */ = {
			isa = PBXContainerItemProxy;
			containerPortal = 1C4D196D264D8D5600C91A26 /* Project object */;
			proxyType = 1;
			remoteGlobalIDString = 1C4D1974264D8D5600C91A26;
			remoteInfo = SpotifyChatiOS;
		};
		1C4D1992264D8D5A00C91A26 /* PBXContainerItemProxy */ = {
			isa = PBXContainerItemProxy;
			containerPortal = 1C4D196D264D8D5600C91A26 /* Project object */;
			proxyType = 1;
			remoteGlobalIDString = 1C4D1974264D8D5600C91A26;
			remoteInfo = SpotifyChatiOS;
		};
/* End PBXContainerItemProxy section */

/* Begin PBXFileReference section */
		1C00C3762655660E002FDC0D /* ViewExtensions.swift */ = {isa = PBXFileReference; lastKnownFileType = sourcecode.swift; path = ViewExtensions.swift; sourceTree = "<group>"; };
		1C21B4052651D11000639351 /* RemoteImage.swift */ = {isa = PBXFileReference; lastKnownFileType = sourcecode.swift; path = RemoteImage.swift; sourceTree = "<group>"; };
		1C21B4082651D57F00639351 /* Conversation.swift */ = {isa = PBXFileReference; lastKnownFileType = sourcecode.swift; path = Conversation.swift; sourceTree = "<group>"; };
		1C21B40C2651EEC700639351 /* ConversationDataService.swift */ = {isa = PBXFileReference; lastKnownFileType = sourcecode.swift; path = ConversationDataService.swift; sourceTree = "<group>"; };
		1C21B40E2651EEDE00639351 /* ConversationMessageDataService.swift */ = {isa = PBXFileReference; lastKnownFileType = sourcecode.swift; path = ConversationMessageDataService.swift; sourceTree = "<group>"; };
		1C21B4102651F1B400639351 /* NewConversationEvent.swift */ = {isa = PBXFileReference; lastKnownFileType = sourcecode.swift; path = NewConversationEvent.swift; sourceTree = "<group>"; };
		1C3A5C93264DAE2100863F02 /* MainViewState.swift */ = {isa = PBXFileReference; lastKnownFileType = sourcecode.swift; path = MainViewState.swift; sourceTree = "<group>"; };
		1C3A5C98264DB1D100863F02 /* ConversationListView.swift */ = {isa = PBXFileReference; lastKnownFileType = sourcecode.swift; path = ConversationListView.swift; sourceTree = "<group>"; };
		1C3A5C9C264DB1EC00863F02 /* MainView.swift */ = {isa = PBXFileReference; lastKnownFileType = sourcecode.swift; path = MainView.swift; sourceTree = "<group>"; };
		1C3A5C9E264DB3AB00863F02 /* ConversationListViewModel.swift */ = {isa = PBXFileReference; lastKnownFileType = sourcecode.swift; path = ConversationListViewModel.swift; sourceTree = "<group>"; };
		1C3A5CA2264DC7E800863F02 /* ConversationView.swift */ = {isa = PBXFileReference; lastKnownFileType = sourcecode.swift; path = ConversationView.swift; sourceTree = "<group>"; };
		1C3A5CA5264DCA9A00863F02 /* ConversationDetailView.swift */ = {isa = PBXFileReference; lastKnownFileType = sourcecode.swift; path = ConversationDetailView.swift; sourceTree = "<group>"; };
		1C3A5CA7264DCAA900863F02 /* ConversationDetailViewModel.swift */ = {isa = PBXFileReference; lastKnownFileType = sourcecode.swift; path = ConversationDetailViewModel.swift; sourceTree = "<group>"; };
		1C3A5CAC264DCFA600863F02 /* NewConversationMessage.swift */ = {isa = PBXFileReference; lastKnownFileType = sourcecode.swift; path = NewConversationMessage.swift; sourceTree = "<group>"; };
		1C3A5CAE264DCFB800863F02 /* ConversationMessageEvent.swift */ = {isa = PBXFileReference; lastKnownFileType = sourcecode.swift; path = ConversationMessageEvent.swift; sourceTree = "<group>"; };
		1C3A5CB1264DD3B100863F02 /* WebSocketService.swift */ = {isa = PBXFileReference; lastKnownFileType = sourcecode.swift; path = WebSocketService.swift; sourceTree = "<group>"; };
		1C3A5CB3264DD66100863F02 /* SocketEvent.swift */ = {isa = PBXFileReference; lastKnownFileType = sourcecode.swift; path = SocketEvent.swift; sourceTree = "<group>"; };
		1C3A5CB5264DDC9700863F02 /* BasicSocketMessage.swift */ = {isa = PBXFileReference; lastKnownFileType = sourcecode.swift; path = BasicSocketMessage.swift; sourceTree = "<group>"; };
		1C3A5CB7264EE5B600863F02 /* ConversationViewState.swift */ = {isa = PBXFileReference; lastKnownFileType = sourcecode.swift; path = ConversationViewState.swift; sourceTree = "<group>"; };
		1C4D1975264D8D5600C91A26 /* SpotifyChatiOS.app */ = {isa = PBXFileReference; explicitFileType = wrapper.application; includeInIndex = 0; path = SpotifyChatiOS.app; sourceTree = BUILT_PRODUCTS_DIR; };
		1C4D1978264D8D5700C91A26 /* SpotifyChatiOSApp.swift */ = {isa = PBXFileReference; lastKnownFileType = sourcecode.swift; path = SpotifyChatiOSApp.swift; sourceTree = "<group>"; };
		1C4D197C264D8D5A00C91A26 /* Assets.xcassets */ = {isa = PBXFileReference; lastKnownFileType = folder.assetcatalog; path = Assets.xcassets; sourceTree = "<group>"; };
		1C4D197F264D8D5A00C91A26 /* Preview Assets.xcassets */ = {isa = PBXFileReference; lastKnownFileType = folder.assetcatalog; path = "Preview Assets.xcassets"; sourceTree = "<group>"; };
		1C4D1981264D8D5A00C91A26 /* Info.plist */ = {isa = PBXFileReference; lastKnownFileType = text.plist.xml; path = Info.plist; sourceTree = "<group>"; };
		1C4D1986264D8D5A00C91A26 /* SpotifyChatiOSTests.xctest */ = {isa = PBXFileReference; explicitFileType = wrapper.cfbundle; includeInIndex = 0; path = SpotifyChatiOSTests.xctest; sourceTree = BUILT_PRODUCTS_DIR; };
		1C4D198A264D8D5A00C91A26 /* SpotifyChatiOSTests.swift */ = {isa = PBXFileReference; lastKnownFileType = sourcecode.swift; path = SpotifyChatiOSTests.swift; sourceTree = "<group>"; };
		1C4D198C264D8D5A00C91A26 /* Info.plist */ = {isa = PBXFileReference; lastKnownFileType = text.plist.xml; path = Info.plist; sourceTree = "<group>"; };
		1C4D1991264D8D5A00C91A26 /* SpotifyChatiOSUITests.xctest */ = {isa = PBXFileReference; explicitFileType = wrapper.cfbundle; includeInIndex = 0; path = SpotifyChatiOSUITests.xctest; sourceTree = BUILT_PRODUCTS_DIR; };
		1C4D1995264D8D5A00C91A26 /* SpotifyChatiOSUITests.swift */ = {isa = PBXFileReference; lastKnownFileType = sourcecode.swift; path = SpotifyChatiOSUITests.swift; sourceTree = "<group>"; };
		1C4D1997264D8D5A00C91A26 /* Info.plist */ = {isa = PBXFileReference; lastKnownFileType = text.plist.xml; path = Info.plist; sourceTree = "<group>"; };
		1C4D19A5264D91E400C91A26 /* LoginView.swift */ = {isa = PBXFileReference; lastKnownFileType = sourcecode.swift; path = LoginView.swift; sourceTree = "<group>"; };
		1C4D19A8264D962300C91A26 /* Colors.xcassets */ = {isa = PBXFileReference; lastKnownFileType = folder.assetcatalog; path = Colors.xcassets; sourceTree = "<group>"; };
		1C4D19AC264DA40600C91A26 /* LoginViewModel.swift */ = {isa = PBXFileReference; lastKnownFileType = sourcecode.swift; path = LoginViewModel.swift; sourceTree = "<group>"; };
		1C5EC882264F1EA20092A157 /* LogoutButton.swift */ = {isa = PBXFileReference; lastKnownFileType = sourcecode.swift; path = LogoutButton.swift; sourceTree = "<group>"; };
		1C5EC886264F2CC30092A157 /* ConversationMessageRow.swift */ = {isa = PBXFileReference; lastKnownFileType = sourcecode.swift; path = ConversationMessageRow.swift; sourceTree = "<group>"; };
		1C6FAF96264FF127007D876C /* StringExtensions.swift */ = {isa = PBXFileReference; lastKnownFileType = sourcecode.swift; path = StringExtensions.swift; sourceTree = "<group>"; };
		1C6FAF98265045ED007D876C /* UIApplicationExtensions.swift */ = {isa = PBXFileReference; lastKnownFileType = sourcecode.swift; path = UIApplicationExtensions.swift; sourceTree = "<group>"; };
		1CA6649A2655513000418048 /* LoadingView.swift */ = {isa = PBXFileReference; lastKnownFileType = sourcecode.swift; path = LoadingView.swift; sourceTree = "<group>"; };
		1CA6649C26555ECA00418048 /* ActivityIndicator.swift */ = {isa = PBXFileReference; lastKnownFileType = sourcecode.swift; path = ActivityIndicator.swift; sourceTree = "<group>"; };
		1CC63BA6265341AF00445473 /* NewMessageEvent.swift */ = {isa = PBXFileReference; lastKnownFileType = sourcecode.swift; path = NewMessageEvent.swift; sourceTree = "<group>"; };
		1CC63BA92653497A00445473 /* MatchRequestEvent.swift */ = {isa = PBXFileReference; lastKnownFileType = sourcecode.swift; path = MatchRequestEvent.swift; sourceTree = "<group>"; };
		1CC63BAC26534AA000445473 /* SendMessageEvent.swift */ = {isa = PBXFileReference; lastKnownFileType = sourcecode.swift; path = SendMessageEvent.swift; sourceTree = "<group>"; };
		1CC63BAE26534B5100445473 /* DismissConversationEvent.swift */ = {isa = PBXFileReference; lastKnownFileType = sourcecode.swift; path = DismissConversationEvent.swift; sourceTree = "<group>"; };
		1CC63BB026534B8D00445473 /* LogoutEvent.swift */ = {isa = PBXFileReference; lastKnownFileType = sourcecode.swift; path = LogoutEvent.swift; sourceTree = "<group>"; };
		1CC63BB226534C5B00445473 /* GetConversationsEvent.swift */ = {isa = PBXFileReference; lastKnownFileType = sourcecode.swift; path = GetConversationsEvent.swift; sourceTree = "<group>"; };
		1CC63BB426534C9000445473 /* GetMessagesEvent.swift */ = {isa = PBXFileReference; lastKnownFileType = sourcecode.swift; path = GetMessagesEvent.swift; sourceTree = "<group>"; };
		1CC63BB62653517B00445473 /* ClientEvent.swift */ = {isa = PBXFileReference; lastKnownFileType = sourcecode.swift; path = ClientEvent.swift; sourceTree = "<group>"; };
		1CD1348226504D8A0067CF34 /* ConversationListRow.swift */ = {isa = PBXFileReference; lastKnownFileType = sourcecode.swift; path = ConversationListRow.swift; sourceTree = "<group>"; };
		1CD13484265055890067CF34 /* ConversationsEvent.swift */ = {isa = PBXFileReference; lastKnownFileType = sourcecode.swift; path = ConversationsEvent.swift; sourceTree = "<group>"; };
/* End PBXFileReference section */

/* Begin PBXFrameworksBuildPhase section */
		1C4D1972264D8D5600C91A26 /* Frameworks */ = {
			isa = PBXFrameworksBuildPhase;
			buildActionMask = 2147483647;
			files = (
			);
			runOnlyForDeploymentPostprocessing = 0;
		};
		1C4D1983264D8D5A00C91A26 /* Frameworks */ = {
			isa = PBXFrameworksBuildPhase;
			buildActionMask = 2147483647;
			files = (
			);
			runOnlyForDeploymentPostprocessing = 0;
		};
		1C4D198E264D8D5A00C91A26 /* Frameworks */ = {
			isa = PBXFrameworksBuildPhase;
			buildActionMask = 2147483647;
			files = (
			);
			runOnlyForDeploymentPostprocessing = 0;
		};
/* End PBXFrameworksBuildPhase section */

/* Begin PBXGroup section */
		1C21B4042651D10400639351 /* Image */ = {
			isa = PBXGroup;
			children = (
				1C21B4052651D11000639351 /* RemoteImage.swift */,
			);
			path = Image;
			sourceTree = "<group>";
		};
		1C21B4072651D4D800639351 /* Event */ = {
			isa = PBXGroup;
			children = (
				1CC63BA82653496100445473 /* ClientEvent */,
				1CC63BAB26534A4F00445473 /* ServerEvent */,
			);
			path = Event;
			sourceTree = "<group>";
		};
		1C3A5C92264DAE0E00863F02 /* App */ = {
			isa = PBXGroup;
			children = (
				1C4D1978264D8D5700C91A26 /* SpotifyChatiOSApp.swift */,
			);
			path = App;
			sourceTree = "<group>";
		};
		1C3A5C9A264DB1D500863F02 /* List */ = {
			isa = PBXGroup;
			children = (
				1C3A5C98264DB1D100863F02 /* ConversationListView.swift */,
				1C3A5C9E264DB3AB00863F02 /* ConversationListViewModel.swift */,
			);
			path = List;
			sourceTree = "<group>";
		};
		1C3A5C9B264DB1E300863F02 /* Main */ = {
			isa = PBXGroup;
			children = (
				1C3A5C9C264DB1EC00863F02 /* MainView.swift */,
				1C3A5C93264DAE2100863F02 /* MainViewState.swift */,
			);
			path = Main;
			sourceTree = "<group>";
		};
		1C3A5CA1264DC7C200863F02 /* Conversation */ = {
			isa = PBXGroup;
			children = (
				1C3A5CA2264DC7E800863F02 /* ConversationView.swift */,
				1C3A5CB7264EE5B600863F02 /* ConversationViewState.swift */,
				1C3A5C9A264DB1D500863F02 /* List */,
				1C3A5CA4264DCA7F00863F02 /* Detail */,
			);
			path = Conversation;
			sourceTree = "<group>";
		};
		1C3A5CA4264DCA7F00863F02 /* Detail */ = {
			isa = PBXGroup;
			children = (
				1C3A5CA5264DCA9A00863F02 /* ConversationDetailView.swift */,
				1C3A5CA7264DCAA900863F02 /* ConversationDetailViewModel.swift */,
			);
			path = Detail;
			sourceTree = "<group>";
		};
		1C3A5CAB264DCF8A00863F02 /* Model */ = {
			isa = PBXGroup;
			children = (
				1C3A5CAC264DCFA600863F02 /* NewConversationMessage.swift */,
				1C21B4082651D57F00639351 /* Conversation.swift */,
			);
			path = Model;
			sourceTree = "<group>";
		};
		1C3A5CB0264DD38400863F02 /* Service */ = {
			isa = PBXGroup;
			children = (
				1C3A5CB1264DD3B100863F02 /* WebSocketService.swift */,
				1C21B4072651D4D800639351 /* Event */,
				1C21B40C2651EEC700639351 /* ConversationDataService.swift */,
				1C21B40E2651EEDE00639351 /* ConversationMessageDataService.swift */,
			);
			path = Service;
			sourceTree = "<group>";
		};
		1C4D196C264D8D5600C91A26 = {
			isa = PBXGroup;
			children = (
				1C4D1977264D8D5700C91A26 /* SpotifyChatiOS */,
				1C4D1989264D8D5A00C91A26 /* SpotifyChatiOSTests */,
				1C4D1994264D8D5A00C91A26 /* SpotifyChatiOSUITests */,
				1C4D1976264D8D5600C91A26 /* Products */,
			);
			sourceTree = "<group>";
		};
		1C4D1976264D8D5600C91A26 /* Products */ = {
			isa = PBXGroup;
			children = (
				1C4D1975264D8D5600C91A26 /* SpotifyChatiOS.app */,
				1C4D1986264D8D5A00C91A26 /* SpotifyChatiOSTests.xctest */,
				1C4D1991264D8D5A00C91A26 /* SpotifyChatiOSUITests.xctest */,
			);
			name = Products;
			sourceTree = "<group>";
		};
		1C4D1977264D8D5700C91A26 /* SpotifyChatiOS */ = {
			isa = PBXGroup;
			children = (
				1C3A5C92264DAE0E00863F02 /* App */,
				1C4D19A3264D91A700C91A26 /* Scene */,
				1C3A5CB0264DD38400863F02 /* Service */,
				1C3A5CAB264DCF8A00863F02 /* Model */,
				1C6FAF95264FF114007D876C /* Extension */,
				1C4D1981264D8D5A00C91A26 /* Info.plist */,
				1C4D19A7264D960B00C91A26 /* Supporting Files */,
				1C4D197E264D8D5A00C91A26 /* Preview Content */,
			);
			path = SpotifyChatiOS;
			sourceTree = "<group>";
		};
		1C4D197E264D8D5A00C91A26 /* Preview Content */ = {
			isa = PBXGroup;
			children = (
				1C4D197F264D8D5A00C91A26 /* Preview Assets.xcassets */,
			);
			path = "Preview Content";
			sourceTree = "<group>";
		};
		1C4D1989264D8D5A00C91A26 /* SpotifyChatiOSTests */ = {
			isa = PBXGroup;
			children = (
				1C4D198A264D8D5A00C91A26 /* SpotifyChatiOSTests.swift */,
				1C4D198C264D8D5A00C91A26 /* Info.plist */,
			);
			path = SpotifyChatiOSTests;
			sourceTree = "<group>";
		};
		1C4D1994264D8D5A00C91A26 /* SpotifyChatiOSUITests */ = {
			isa = PBXGroup;
			children = (
				1C4D1995264D8D5A00C91A26 /* SpotifyChatiOSUITests.swift */,
				1C4D1997264D8D5A00C91A26 /* Info.plist */,
			);
			path = SpotifyChatiOSUITests;
			sourceTree = "<group>";
		};
		1C4D19A3264D91A700C91A26 /* Scene */ = {
			isa = PBXGroup;
			children = (
				1C3A5C9B264DB1E300863F02 /* Main */,
				1C4D19A4264D91BB00C91A26 /* Login */,
				1C3A5CA1264DC7C200863F02 /* Conversation */,
				1C5EC881264F1E880092A157 /* Component */,
			);
			path = Scene;
			sourceTree = "<group>";
		};
		1C4D19A4264D91BB00C91A26 /* Login */ = {
			isa = PBXGroup;
			children = (
				1C4D19A5264D91E400C91A26 /* LoginView.swift */,
				1C4D19AC264DA40600C91A26 /* LoginViewModel.swift */,
			);
			path = Login;
			sourceTree = "<group>";
		};
		1C4D19A7264D960B00C91A26 /* Supporting Files */ = {
			isa = PBXGroup;
			children = (
				1C4D19A8264D962300C91A26 /* Colors.xcassets */,
				1C4D197C264D8D5A00C91A26 /* Assets.xcassets */,
			);
			path = "Supporting Files";
			sourceTree = "<group>";
		};
		1C5EC881264F1E880092A157 /* Component */ = {
			isa = PBXGroup;
			children = (
				1C8C1ADF2655230800BC1F08 /* LoadingView */,
				1C21B4042651D10400639351 /* Image */,
				1C5EC885264F2C740092A157 /* Conversation */,
				1C5EC882264F1EA20092A157 /* LogoutButton.swift */,
			);
			path = Component;
			sourceTree = "<group>";
		};
		1C5EC885264F2C740092A157 /* Conversation */ = {
			isa = PBXGroup;
			children = (
				1CD1348226504D8A0067CF34 /* ConversationListRow.swift */,
				1C5EC886264F2CC30092A157 /* ConversationMessageRow.swift */,
			);
			path = Conversation;
			sourceTree = "<group>";
		};
		1C6FAF95264FF114007D876C /* Extension */ = {
			isa = PBXGroup;
			children = (
				1C6FAF96264FF127007D876C /* StringExtensions.swift */,
				1C6FAF98265045ED007D876C /* UIApplicationExtensions.swift */,
				1C00C3762655660E002FDC0D /* ViewExtensions.swift */,
			);
			path = Extension;
			sourceTree = "<group>";
		};
		1C8C1ADF2655230800BC1F08 /* LoadingView */ = {
			isa = PBXGroup;
			children = (
				1CA6649A2655513000418048 /* LoadingView.swift */,
				1CA6649C26555ECA00418048 /* ActivityIndicator.swift */,
			);
			path = LoadingView;
			sourceTree = "<group>";
		};
		1CC63BA82653496100445473 /* ClientEvent */ = {
			isa = PBXGroup;
			children = (
				1CC63BA92653497A00445473 /* MatchRequestEvent.swift */,
				1CC63BAC26534AA000445473 /* SendMessageEvent.swift */,
				1CC63BAE26534B5100445473 /* DismissConversationEvent.swift */,
				1CC63BB026534B8D00445473 /* LogoutEvent.swift */,
				1CC63BB226534C5B00445473 /* GetConversationsEvent.swift */,
				1CC63BB426534C9000445473 /* GetMessagesEvent.swift */,
				1CC63BB62653517B00445473 /* ClientEvent.swift */,
			);
			path = ClientEvent;
			sourceTree = "<group>";
		};
		1CC63BAB26534A4F00445473 /* ServerEvent */ = {
			isa = PBXGroup;
			children = (
				1CD13484265055890067CF34 /* ConversationsEvent.swift */,
				1C3A5CAE264DCFB800863F02 /* ConversationMessageEvent.swift */,
				1C21B4102651F1B400639351 /* NewConversationEvent.swift */,
				1CC63BA6265341AF00445473 /* NewMessageEvent.swift */,
				1C3A5CB3264DD66100863F02 /* SocketEvent.swift */,
				1C3A5CB5264DDC9700863F02 /* BasicSocketMessage.swift */,
			);
			path = ServerEvent;
			sourceTree = "<group>";
		};
/* End PBXGroup section */

/* Begin PBXNativeTarget section */
		1C4D1974264D8D5600C91A26 /* SpotifyChatiOS */ = {
			isa = PBXNativeTarget;
			buildConfigurationList = 1C4D199A264D8D5A00C91A26 /* Build configuration list for PBXNativeTarget "SpotifyChatiOS" */;
			buildPhases = (
				1C4D1971264D8D5600C91A26 /* Sources */,
				1C4D1972264D8D5600C91A26 /* Frameworks */,
				1C4D1973264D8D5600C91A26 /* Resources */,
			);
			buildRules = (
			);
			dependencies = (
			);
			name = SpotifyChatiOS;
			packageProductDependencies = (
			);
			productName = SpotifyChatiOS;
			productReference = 1C4D1975264D8D5600C91A26 /* SpotifyChatiOS.app */;
			productType = "com.apple.product-type.application";
		};
		1C4D1985264D8D5A00C91A26 /* SpotifyChatiOSTests */ = {
			isa = PBXNativeTarget;
			buildConfigurationList = 1C4D199D264D8D5A00C91A26 /* Build configuration list for PBXNativeTarget "SpotifyChatiOSTests" */;
			buildPhases = (
				1C4D1982264D8D5A00C91A26 /* Sources */,
				1C4D1983264D8D5A00C91A26 /* Frameworks */,
				1C4D1984264D8D5A00C91A26 /* Resources */,
			);
			buildRules = (
			);
			dependencies = (
				1C4D1988264D8D5A00C91A26 /* PBXTargetDependency */,
			);
			name = SpotifyChatiOSTests;
			productName = SpotifyChatiOSTests;
			productReference = 1C4D1986264D8D5A00C91A26 /* SpotifyChatiOSTests.xctest */;
			productType = "com.apple.product-type.bundle.unit-test";
		};
		1C4D1990264D8D5A00C91A26 /* SpotifyChatiOSUITests */ = {
			isa = PBXNativeTarget;
			buildConfigurationList = 1C4D19A0264D8D5A00C91A26 /* Build configuration list for PBXNativeTarget "SpotifyChatiOSUITests" */;
			buildPhases = (
				1C4D198D264D8D5A00C91A26 /* Sources */,
				1C4D198E264D8D5A00C91A26 /* Frameworks */,
				1C4D198F264D8D5A00C91A26 /* Resources */,
			);
			buildRules = (
			);
			dependencies = (
				1C4D1993264D8D5A00C91A26 /* PBXTargetDependency */,
			);
			name = SpotifyChatiOSUITests;
			productName = SpotifyChatiOSUITests;
			productReference = 1C4D1991264D8D5A00C91A26 /* SpotifyChatiOSUITests.xctest */;
			productType = "com.apple.product-type.bundle.ui-testing";
		};
/* End PBXNativeTarget section */

/* Begin PBXProject section */
		1C4D196D264D8D5600C91A26 /* Project object */ = {
			isa = PBXProject;
			attributes = {
				LastSwiftUpdateCheck = 1250;
				LastUpgradeCheck = 1250;
				TargetAttributes = {
					1C4D1974264D8D5600C91A26 = {
						CreatedOnToolsVersion = 12.5;
					};
					1C4D1985264D8D5A00C91A26 = {
						CreatedOnToolsVersion = 12.5;
						TestTargetID = 1C4D1974264D8D5600C91A26;
					};
					1C4D1990264D8D5A00C91A26 = {
						CreatedOnToolsVersion = 12.5;
						TestTargetID = 1C4D1974264D8D5600C91A26;
					};
				};
			};
			buildConfigurationList = 1C4D1970264D8D5600C91A26 /* Build configuration list for PBXProject "SpotifyChatiOS" */;
			compatibilityVersion = "Xcode 9.3";
			developmentRegion = en;
			hasScannedForEncodings = 0;
			knownRegions = (
				en,
				Base,
			);
			mainGroup = 1C4D196C264D8D5600C91A26;
			packageReferences = (
			);
			productRefGroup = 1C4D1976264D8D5600C91A26 /* Products */;
			projectDirPath = "";
			projectRoot = "";
			targets = (
				1C4D1974264D8D5600C91A26 /* SpotifyChatiOS */,
				1C4D1985264D8D5A00C91A26 /* SpotifyChatiOSTests */,
				1C4D1990264D8D5A00C91A26 /* SpotifyChatiOSUITests */,
			);
		};
/* End PBXProject section */

/* Begin PBXResourcesBuildPhase section */
		1C4D1973264D8D5600C91A26 /* Resources */ = {
			isa = PBXResourcesBuildPhase;
			buildActionMask = 2147483647;
			files = (
				1C4D19A9264D962300C91A26 /* Colors.xcassets in Resources */,
				1C4D1980264D8D5A00C91A26 /* Preview Assets.xcassets in Resources */,
				1C4D197D264D8D5A00C91A26 /* Assets.xcassets in Resources */,
			);
			runOnlyForDeploymentPostprocessing = 0;
		};
		1C4D1984264D8D5A00C91A26 /* Resources */ = {
			isa = PBXResourcesBuildPhase;
			buildActionMask = 2147483647;
			files = (
			);
			runOnlyForDeploymentPostprocessing = 0;
		};
		1C4D198F264D8D5A00C91A26 /* Resources */ = {
			isa = PBXResourcesBuildPhase;
			buildActionMask = 2147483647;
			files = (
			);
			runOnlyForDeploymentPostprocessing = 0;
		};
/* End PBXResourcesBuildPhase section */

/* Begin PBXSourcesBuildPhase section */
		1C4D1971264D8D5600C91A26 /* Sources */ = {
			isa = PBXSourcesBuildPhase;
			buildActionMask = 2147483647;
			files = (
				1CA6649D26555ECA00418048 /* ActivityIndicator.swift in Sources */,
				1C21B4092651D57F00639351 /* Conversation.swift in Sources */,
				1C5EC883264F1EA20092A157 /* LogoutButton.swift in Sources */,
				1C3A5CB2264DD3B100863F02 /* WebSocketService.swift in Sources */,
				1C3A5C99264DB1D100863F02 /* ConversationListView.swift in Sources */,
				1C3A5CB6264DDC9700863F02 /* BasicSocketMessage.swift in Sources */,
				1C3A5C9D264DB1EC00863F02 /* MainView.swift in Sources */,
				1C4D19A6264D91E400C91A26 /* LoginView.swift in Sources */,
				1CC63BB526534C9000445473 /* GetMessagesEvent.swift in Sources */,
				1CC63BB72653517B00445473 /* ClientEvent.swift in Sources */,
				1C6FAF99265045ED007D876C /* UIApplicationExtensions.swift in Sources */,
				1CC63BB126534B8D00445473 /* LogoutEvent.swift in Sources */,
				1C3A5CAF264DCFB800863F02 /* ConversationMessageEvent.swift in Sources */,
				1CC63BA7265341AF00445473 /* NewMessageEvent.swift in Sources */,
				1C3A5CA6264DCA9A00863F02 /* ConversationDetailView.swift in Sources */,
				1CA6649B2655513000418048 /* LoadingView.swift in Sources */,
				1CD1348326504D8A0067CF34 /* ConversationListRow.swift in Sources */,
				1C3A5C94264DAE2100863F02 /* MainViewState.swift in Sources */,
				1C3A5CA8264DCAA900863F02 /* ConversationDetailViewModel.swift in Sources */,
				1CC63BAF26534B5100445473 /* DismissConversationEvent.swift in Sources */,
				1C3A5CA3264DC7E800863F02 /* ConversationView.swift in Sources */,
				1C3A5C9F264DB3AB00863F02 /* ConversationListViewModel.swift in Sources */,
				1C5EC887264F2CC30092A157 /* ConversationMessageRow.swift in Sources */,
				1C4D1979264D8D5700C91A26 /* SpotifyChatiOSApp.swift in Sources */,
				1C21B4112651F1B400639351 /* NewConversationEvent.swift in Sources */,
				1CD13485265055890067CF34 /* ConversationsEvent.swift in Sources */,
				1CC63BB326534C5B00445473 /* GetConversationsEvent.swift in Sources */,
				1C4D19AD264DA40600C91A26 /* LoginViewModel.swift in Sources */,
				1C3A5CB8264EE5B600863F02 /* ConversationViewState.swift in Sources */,
				1C21B40F2651EEDE00639351 /* ConversationMessageDataService.swift in Sources */,
				1C00C3772655660E002FDC0D /* ViewExtensions.swift in Sources */,
				1CC63BAA2653497A00445473 /* MatchRequestEvent.swift in Sources */,
				1C3A5CAD264DCFA600863F02 /* NewConversationMessage.swift in Sources */,
				1C21B4062651D11000639351 /* RemoteImage.swift in Sources */,
				1C3A5CB4264DD66100863F02 /* SocketEvent.swift in Sources */,
				1C6FAF97264FF127007D876C /* StringExtensions.swift in Sources */,
				1CC63BAD26534AA000445473 /* SendMessageEvent.swift in Sources */,
				1C21B40D2651EEC700639351 /* ConversationDataService.swift in Sources */,
			);
			runOnlyForDeploymentPostprocessing = 0;
		};
		1C4D1982264D8D5A00C91A26 /* Sources */ = {
			isa = PBXSourcesBuildPhase;
			buildActionMask = 2147483647;
			files = (
				1C4D198B264D8D5A00C91A26 /* SpotifyChatiOSTests.swift in Sources */,
			);
			runOnlyForDeploymentPostprocessing = 0;
		};
		1C4D198D264D8D5A00C91A26 /* Sources */ = {
			isa = PBXSourcesBuildPhase;
			buildActionMask = 2147483647;
			files = (
				1C4D1996264D8D5A00C91A26 /* SpotifyChatiOSUITests.swift in Sources */,
			);
			runOnlyForDeploymentPostprocessing = 0;
		};
/* End PBXSourcesBuildPhase section */

/* Begin PBXTargetDependency section */
		1C4D1988264D8D5A00C91A26 /* PBXTargetDependency */ = {
			isa = PBXTargetDependency;
			target = 1C4D1974264D8D5600C91A26 /* SpotifyChatiOS */;
			targetProxy = 1C4D1987264D8D5A00C91A26 /* PBXContainerItemProxy */;
		};
		1C4D1993264D8D5A00C91A26 /* PBXTargetDependency */ = {
			isa = PBXTargetDependency;
			target = 1C4D1974264D8D5600C91A26 /* SpotifyChatiOS */;
			targetProxy = 1C4D1992264D8D5A00C91A26 /* PBXContainerItemProxy */;
		};
/* End PBXTargetDependency section */

/* Begin XCBuildConfiguration section */
		1C4D1998264D8D5A00C91A26 /* Debug */ = {
			isa = XCBuildConfiguration;
			buildSettings = {
				ALWAYS_SEARCH_USER_PATHS = NO;
				CLANG_ANALYZER_NONNULL = YES;
				CLANG_ANALYZER_NUMBER_OBJECT_CONVERSION = YES_AGGRESSIVE;
				CLANG_CXX_LANGUAGE_STANDARD = "gnu++14";
				CLANG_CXX_LIBRARY = "libc++";
				CLANG_ENABLE_MODULES = YES;
				CLANG_ENABLE_OBJC_ARC = YES;
				CLANG_ENABLE_OBJC_WEAK = YES;
				CLANG_WARN_BLOCK_CAPTURE_AUTORELEASING = YES;
				CLANG_WARN_BOOL_CONVERSION = YES;
				CLANG_WARN_COMMA = YES;
				CLANG_WARN_CONSTANT_CONVERSION = YES;
				CLANG_WARN_DEPRECATED_OBJC_IMPLEMENTATIONS = YES;
				CLANG_WARN_DIRECT_OBJC_ISA_USAGE = YES_ERROR;
				CLANG_WARN_DOCUMENTATION_COMMENTS = YES;
				CLANG_WARN_EMPTY_BODY = YES;
				CLANG_WARN_ENUM_CONVERSION = YES;
				CLANG_WARN_INFINITE_RECURSION = YES;
				CLANG_WARN_INT_CONVERSION = YES;
				CLANG_WARN_NON_LITERAL_NULL_CONVERSION = YES;
				CLANG_WARN_OBJC_IMPLICIT_RETAIN_SELF = YES;
				CLANG_WARN_OBJC_LITERAL_CONVERSION = YES;
				CLANG_WARN_OBJC_ROOT_CLASS = YES_ERROR;
				CLANG_WARN_QUOTED_INCLUDE_IN_FRAMEWORK_HEADER = YES;
				CLANG_WARN_RANGE_LOOP_ANALYSIS = YES;
				CLANG_WARN_STRICT_PROTOTYPES = YES;
				CLANG_WARN_SUSPICIOUS_MOVE = YES;
				CLANG_WARN_UNGUARDED_AVAILABILITY = YES_AGGRESSIVE;
				CLANG_WARN_UNREACHABLE_CODE = YES;
				CLANG_WARN__DUPLICATE_METHOD_MATCH = YES;
				COPY_PHASE_STRIP = NO;
				DEBUG_INFORMATION_FORMAT = dwarf;
				ENABLE_STRICT_OBJC_MSGSEND = YES;
				ENABLE_TESTABILITY = YES;
				GCC_C_LANGUAGE_STANDARD = gnu11;
				GCC_DYNAMIC_NO_PIC = NO;
				GCC_NO_COMMON_BLOCKS = YES;
				GCC_OPTIMIZATION_LEVEL = 0;
				GCC_PREPROCESSOR_DEFINITIONS = (
					"DEBUG=1",
					"$(inherited)",
				);
				GCC_WARN_64_TO_32_BIT_CONVERSION = YES;
				GCC_WARN_ABOUT_RETURN_TYPE = YES_ERROR;
				GCC_WARN_UNDECLARED_SELECTOR = YES;
				GCC_WARN_UNINITIALIZED_AUTOS = YES_AGGRESSIVE;
				GCC_WARN_UNUSED_FUNCTION = YES;
				GCC_WARN_UNUSED_VARIABLE = YES;
				IPHONEOS_DEPLOYMENT_TARGET = 14.5;
				MTL_ENABLE_DEBUG_INFO = INCLUDE_SOURCE;
				MTL_FAST_MATH = YES;
				ONLY_ACTIVE_ARCH = YES;
				SDKROOT = iphoneos;
				SWIFT_ACTIVE_COMPILATION_CONDITIONS = DEBUG;
				SWIFT_OPTIMIZATION_LEVEL = "-Onone";
			};
			name = Debug;
		};
		1C4D1999264D8D5A00C91A26 /* Release */ = {
			isa = XCBuildConfiguration;
			buildSettings = {
				ALWAYS_SEARCH_USER_PATHS = NO;
				CLANG_ANALYZER_NONNULL = YES;
				CLANG_ANALYZER_NUMBER_OBJECT_CONVERSION = YES_AGGRESSIVE;
				CLANG_CXX_LANGUAGE_STANDARD = "gnu++14";
				CLANG_CXX_LIBRARY = "libc++";
				CLANG_ENABLE_MODULES = YES;
				CLANG_ENABLE_OBJC_ARC = YES;
				CLANG_ENABLE_OBJC_WEAK = YES;
				CLANG_WARN_BLOCK_CAPTURE_AUTORELEASING = YES;
				CLANG_WARN_BOOL_CONVERSION = YES;
				CLANG_WARN_COMMA = YES;
				CLANG_WARN_CONSTANT_CONVERSION = YES;
				CLANG_WARN_DEPRECATED_OBJC_IMPLEMENTATIONS = YES;
				CLANG_WARN_DIRECT_OBJC_ISA_USAGE = YES_ERROR;
				CLANG_WARN_DOCUMENTATION_COMMENTS = YES;
				CLANG_WARN_EMPTY_BODY = YES;
				CLANG_WARN_ENUM_CONVERSION = YES;
				CLANG_WARN_INFINITE_RECURSION = YES;
				CLANG_WARN_INT_CONVERSION = YES;
				CLANG_WARN_NON_LITERAL_NULL_CONVERSION = YES;
				CLANG_WARN_OBJC_IMPLICIT_RETAIN_SELF = YES;
				CLANG_WARN_OBJC_LITERAL_CONVERSION = YES;
				CLANG_WARN_OBJC_ROOT_CLASS = YES_ERROR;
				CLANG_WARN_QUOTED_INCLUDE_IN_FRAMEWORK_HEADER = YES;
				CLANG_WARN_RANGE_LOOP_ANALYSIS = YES;
				CLANG_WARN_STRICT_PROTOTYPES = YES;
				CLANG_WARN_SUSPICIOUS_MOVE = YES;
				CLANG_WARN_UNGUARDED_AVAILABILITY = YES_AGGRESSIVE;
				CLANG_WARN_UNREACHABLE_CODE = YES;
				CLANG_WARN__DUPLICATE_METHOD_MATCH = YES;
				COPY_PHASE_STRIP = NO;
				DEBUG_INFORMATION_FORMAT = "dwarf-with-dsym";
				ENABLE_NS_ASSERTIONS = NO;
				ENABLE_STRICT_OBJC_MSGSEND = YES;
				GCC_C_LANGUAGE_STANDARD = gnu11;
				GCC_NO_COMMON_BLOCKS = YES;
				GCC_WARN_64_TO_32_BIT_CONVERSION = YES;
				GCC_WARN_ABOUT_RETURN_TYPE = YES_ERROR;
				GCC_WARN_UNDECLARED_SELECTOR = YES;
				GCC_WARN_UNINITIALIZED_AUTOS = YES_AGGRESSIVE;
				GCC_WARN_UNUSED_FUNCTION = YES;
				GCC_WARN_UNUSED_VARIABLE = YES;
				IPHONEOS_DEPLOYMENT_TARGET = 14.5;
				MTL_ENABLE_DEBUG_INFO = NO;
				MTL_FAST_MATH = YES;
				SDKROOT = iphoneos;
				SWIFT_COMPILATION_MODE = wholemodule;
				SWIFT_OPTIMIZATION_LEVEL = "-O";
				VALIDATE_PRODUCT = YES;
			};
			name = Release;
		};
		1C4D199B264D8D5A00C91A26 /* Debug */ = {
			isa = XCBuildConfiguration;
			buildSettings = {
				ASSETCATALOG_COMPILER_APPICON_NAME = AppIcon;
				ASSETCATALOG_COMPILER_GLOBAL_ACCENT_COLOR_NAME = AccentColor;
				CODE_SIGN_STYLE = Automatic;
				DEVELOPMENT_ASSET_PATHS = "\"SpotifyChatiOS/Preview Content\"";
				ENABLE_PREVIEWS = YES;
				INFOPLIST_FILE = SpotifyChatiOS/Info.plist;
				IPHONEOS_DEPLOYMENT_TARGET = 14.1;
				LD_RUNPATH_SEARCH_PATHS = (
					"$(inherited)",
					"@executable_path/Frameworks",
				);
				PRODUCT_BUNDLE_IDENTIFIER = com.github.ouzman.SpotifyChatiOS;
				PRODUCT_NAME = "$(TARGET_NAME)";
				SWIFT_VERSION = 5.0;
				TARGETED_DEVICE_FAMILY = "1,2";
			};
			name = Debug;
		};
		1C4D199C264D8D5A00C91A26 /* Release */ = {
			isa = XCBuildConfiguration;
			buildSettings = {
				ASSETCATALOG_COMPILER_APPICON_NAME = AppIcon;
				ASSETCATALOG_COMPILER_GLOBAL_ACCENT_COLOR_NAME = AccentColor;
				CODE_SIGN_STYLE = Automatic;
				DEVELOPMENT_ASSET_PATHS = "\"SpotifyChatiOS/Preview Content\"";
				ENABLE_PREVIEWS = YES;
				INFOPLIST_FILE = SpotifyChatiOS/Info.plist;
				IPHONEOS_DEPLOYMENT_TARGET = 14.1;
				LD_RUNPATH_SEARCH_PATHS = (
					"$(inherited)",
					"@executable_path/Frameworks",
				);
				PRODUCT_BUNDLE_IDENTIFIER = com.github.ouzman.SpotifyChatiOS;
				PRODUCT_NAME = "$(TARGET_NAME)";
				SWIFT_VERSION = 5.0;
				TARGETED_DEVICE_FAMILY = "1,2";
			};
			name = Release;
		};
		1C4D199E264D8D5A00C91A26 /* Debug */ = {
			isa = XCBuildConfiguration;
			buildSettings = {
				ALWAYS_EMBED_SWIFT_STANDARD_LIBRARIES = YES;
				BUNDLE_LOADER = "$(TEST_HOST)";
				CODE_SIGN_STYLE = Automatic;
				INFOPLIST_FILE = SpotifyChatiOSTests/Info.plist;
				IPHONEOS_DEPLOYMENT_TARGET = 14.0;
				LD_RUNPATH_SEARCH_PATHS = (
					"$(inherited)",
					"@executable_path/Frameworks",
					"@loader_path/Frameworks",
				);
				PRODUCT_BUNDLE_IDENTIFIER = com.github.ouzman.SpotifyChatiOSTests;
				PRODUCT_NAME = "$(TARGET_NAME)";
				SWIFT_VERSION = 5.0;
				TARGETED_DEVICE_FAMILY = "1,2";
				TEST_HOST = "$(BUILT_PRODUCTS_DIR)/SpotifyChatiOS.app/SpotifyChatiOS";
			};
			name = Debug;
		};
		1C4D199F264D8D5A00C91A26 /* Release */ = {
			isa = XCBuildConfiguration;
			buildSettings = {
				ALWAYS_EMBED_SWIFT_STANDARD_LIBRARIES = YES;
				BUNDLE_LOADER = "$(TEST_HOST)";
				CODE_SIGN_STYLE = Automatic;
				INFOPLIST_FILE = SpotifyChatiOSTests/Info.plist;
				IPHONEOS_DEPLOYMENT_TARGET = 14.0;
				LD_RUNPATH_SEARCH_PATHS = (
					"$(inherited)",
					"@executable_path/Frameworks",
					"@loader_path/Frameworks",
				);
				PRODUCT_BUNDLE_IDENTIFIER = com.github.ouzman.SpotifyChatiOSTests;
				PRODUCT_NAME = "$(TARGET_NAME)";
				SWIFT_VERSION = 5.0;
				TARGETED_DEVICE_FAMILY = "1,2";
				TEST_HOST = "$(BUILT_PRODUCTS_DIR)/SpotifyChatiOS.app/SpotifyChatiOS";
			};
			name = Release;
		};
		1C4D19A1264D8D5A00C91A26 /* Debug */ = {
			isa = XCBuildConfiguration;
			buildSettings = {
				ALWAYS_EMBED_SWIFT_STANDARD_LIBRARIES = YES;
				CODE_SIGN_STYLE = Automatic;
				INFOPLIST_FILE = SpotifyChatiOSUITests/Info.plist;
				LD_RUNPATH_SEARCH_PATHS = (
					"$(inherited)",
					"@executable_path/Frameworks",
					"@loader_path/Frameworks",
				);
				PRODUCT_BUNDLE_IDENTIFIER = com.github.ouzman.SpotifyChatiOSUITests;
				PRODUCT_NAME = "$(TARGET_NAME)";
				SWIFT_VERSION = 5.0;
				TARGETED_DEVICE_FAMILY = "1,2";
				TEST_TARGET_NAME = SpotifyChatiOS;
			};
			name = Debug;
		};
		1C4D19A2264D8D5A00C91A26 /* Release */ = {
			isa = XCBuildConfiguration;
			buildSettings = {
				ALWAYS_EMBED_SWIFT_STANDARD_LIBRARIES = YES;
				CODE_SIGN_STYLE = Automatic;
				INFOPLIST_FILE = SpotifyChatiOSUITests/Info.plist;
				LD_RUNPATH_SEARCH_PATHS = (
					"$(inherited)",
					"@executable_path/Frameworks",
					"@loader_path/Frameworks",
				);
				PRODUCT_BUNDLE_IDENTIFIER = com.github.ouzman.SpotifyChatiOSUITests;
				PRODUCT_NAME = "$(TARGET_NAME)";
				SWIFT_VERSION = 5.0;
				TARGETED_DEVICE_FAMILY = "1,2";
				TEST_TARGET_NAME = SpotifyChatiOS;
			};
			name = Release;
		};
/* End XCBuildConfiguration section */

/* Begin XCConfigurationList section */
		1C4D1970264D8D5600C91A26 /* Build configuration list for PBXProject "SpotifyChatiOS" */ = {
			isa = XCConfigurationList;
			buildConfigurations = (
				1C4D1998264D8D5A00C91A26 /* Debug */,
				1C4D1999264D8D5A00C91A26 /* Release */,
			);
			defaultConfigurationIsVisible = 0;
			defaultConfigurationName = Release;
		};
		1C4D199A264D8D5A00C91A26 /* Build configuration list for PBXNativeTarget "SpotifyChatiOS" */ = {
			isa = XCConfigurationList;
			buildConfigurations = (
				1C4D199B264D8D5A00C91A26 /* Debug */,
				1C4D199C264D8D5A00C91A26 /* Release */,
			);
			defaultConfigurationIsVisible = 0;
			defaultConfigurationName = Release;
		};
		1C4D199D264D8D5A00C91A26 /* Build configuration list for PBXNativeTarget "SpotifyChatiOSTests" */ = {
			isa = XCConfigurationList;
			buildConfigurations = (
				1C4D199E264D8D5A00C91A26 /* Debug */,
				1C4D199F264D8D5A00C91A26 /* Release */,
			);
			defaultConfigurationIsVisible = 0;
			defaultConfigurationName = Release;
		};
		1C4D19A0264D8D5A00C91A26 /* Build configuration list for PBXNativeTarget "SpotifyChatiOSUITests" */ = {
			isa = XCConfigurationList;
			buildConfigurations = (
				1C4D19A1264D8D5A00C91A26 /* Debug */,
				1C4D19A2264D8D5A00C91A26 /* Release */,
			);
			defaultConfigurationIsVisible = 0;
			defaultConfigurationName = Release;
		};
/* End XCConfigurationList section */
	};
	rootObject = 1C4D196D264D8D5600C91A26 /* Project object */;
}
